
Microsoft Visual Studio Solution File, Format Version 12.00
# Visual Studio 15
VisualStudioVersion = 15.0.28307.168
MinimumVisualStudioVersion = 10.0.40219.1
Project("{2150E333-8FDC-42A3-9474-1A3956D46DE8}") = "Services", "Services", "{2153F6A7-D8C5-4BF6-8FCA-ECC0B94505DB}"
EndProject
Project("{2150E333-8FDC-42A3-9474-1A3956D46DE8}") = "Users", "Users", "{72B8D6F7-2FFD-453A-8594-111B1BBB7B6A}"
EndProject
Project("{9A19103F-16F7-4668-BE54-9A1E7A4F7556}") = "LSS.Users.Api", "LSS.Users.Api\LSS.Users.Api.csproj", "{622D5CD6-D4CA-456C-9763-4EB59C52BE9B}"
EndProject
Project("{2150E333-8FDC-42A3-9474-1A3956D46DE8}") = "BuildingBlocks", "BuildingBlocks", "{5327D5B2-70E0-4B89-AF95-6B9341A42A01}"
EndProject
Project("{9A19103F-16F7-4668-BE54-9A1E7A4F7556}") = "Lss.Framework.Repositories", "Lss.Framework.Repositories\Lss.Framework.Repositories.csproj", "{841C7673-D857-4C89-9486-F8AB9576C127}"
EndProject
Project("{9A19103F-16F7-4668-BE54-9A1E7A4F7556}") = "LSS.Framework.Messaging", "LSS.Framework.Messaging\LSS.Framework.Messaging.csproj", "{F389D007-7460-4262-AAB8-60761600C522}"
EndProject
Project("{2150E333-8FDC-42A3-9474-1A3956D46DE8}") = "Memberships", "Memberships", "{8CE50BF3-F744-47B3-8CBD-6480006189AC}"
EndProject
Project("{FAE04EC0-301F-11D3-BF4B-00C04F79EFBC}") = "LSS.Memberships.Api", "LSS.Memberships.Api\LSS.Memberships.Api.csproj", "{EEB064EB-69CD-49E4-991B-EDD652132678}"
EndProject
Global
	GlobalSection(SolutionConfigurationPlatforms) = preSolution
		Debug|Any CPU = Debug|Any CPU
		Release|Any CPU = Release|Any CPU
	EndGlobalSection
	GlobalSection(ProjectConfigurationPlatforms) = postSolution
		{622D5CD6-D4CA-456C-9763-4EB59C52BE9B}.Debug|Any CPU.ActiveCfg = Debug|Any CPU
		{622D5CD6-D4CA-456C-9763-4EB59C52BE9B}.Debug|Any CPU.Build.0 = Debug|Any CPU
		{622D5CD6-D4CA-456C-9763-4EB59C52BE9B}.Release|Any CPU.ActiveCfg = Release|Any CPU
		{622D5CD6-D4CA-456C-9763-4EB59C52BE9B}.Release|Any CPU.Build.0 = Release|Any CPU
		{841C7673-D857-4C89-9486-F8AB9576C127}.Debug|Any CPU.ActiveCfg = Debug|Any CPU
		{841C7673-D857-4C89-9486-F8AB9576C127}.Debug|Any CPU.Build.0 = Debug|Any CPU
		{841C7673-D857-4C89-9486-F8AB9576C127}.Release|Any CPU.ActiveCfg = Release|Any CPU
		{841C7673-D857-4C89-9486-F8AB9576C127}.Release|Any CPU.Build.0 = Release|Any CPU
		{F389D007-7460-4262-AAB8-60761600C522}.Debug|Any CPU.ActiveCfg = Debug|Any CPU
		{F389D007-7460-4262-AAB8-60761600C522}.Debug|Any CPU.Build.0 = Debug|Any CPU
		{F389D007-7460-4262-AAB8-60761600C522}.Release|Any CPU.ActiveCfg = Release|Any CPU
		{F389D007-7460-4262-AAB8-60761600C522}.Release|Any CPU.Build.0 = Release|Any CPU
		{EEB064EB-69CD-49E4-991B-EDD652132678}.Debug|Any CPU.ActiveCfg = Debug|Any CPU
		{EEB064EB-69CD-49E4-991B-EDD652132678}.Debug|Any CPU.Build.0 = Debug|Any CPU
		{EEB064EB-69CD-49E4-991B-EDD652132678}.Release|Any CPU.ActiveCfg = Release|Any CPU
		{EEB064EB-69CD-49E4-991B-EDD652132678}.Release|Any CPU.Build.0 = Release|Any CPU
	EndGlobalSection
	GlobalSection(SolutionProperties) = preSolution
		HideSolutionNode = FALSE
	EndGlobalSection
	GlobalSection(NestedProjects) = preSolution
		{72B8D6F7-2FFD-453A-8594-111B1BBB7B6A} = {2153F6A7-D8C5-4BF6-8FCA-ECC0B94505DB}
		{622D5CD6-D4CA-456C-9763-4EB59C52BE9B} = {72B8D6F7-2FFD-453A-8594-111B1BBB7B6A}
		{841C7673-D857-4C89-9486-F8AB9576C127} = {5327D5B2-70E0-4B89-AF95-6B9341A42A01}
		{F389D007-7460-4262-AAB8-60761600C522} = {5327D5B2-70E0-4B89-AF95-6B9341A42A01}
		{8CE50BF3-F744-47B3-8CBD-6480006189AC} = {2153F6A7-D8C5-4BF6-8FCA-ECC0B94505DB}
		{EEB064EB-69CD-49E4-991B-EDD652132678} = {8CE50BF3-F744-47B3-8CBD-6480006189AC}
	EndGlobalSection
	GlobalSection(ExtensibilityGlobals) = postSolution
		SolutionGuid = {96C9B473-4467-41F7-956B-9629027940C5}
	EndGlobalSection
EndGlobal
